
Microsoft Visual Studio Solution File, Format Version 12.00
# Visual Studio Version 17
VisualStudioVersion = 17.7.34221.43
MinimumVisualStudioVersion = 10.0.40219.1
Project("{9A19103F-16F7-4668-BE54-9A1E7A4F7556}") = "Circustrein", "Circustrein\Circustrein.csproj", "{220B8C7D-C89D-4F1F-B48D-2081F37DD274}"
EndProject
Project("{FAE04EC0-301F-11D3-BF4B-00C04F79EFBC}") = "back-end1", "back-end1\back-end1.csproj", "{0AEFF0C5-C0EC-4E56-9330-F4AC7CC5E7B3}"
EndProject
Global
	GlobalSection(SolutionConfigurationPlatforms) = preSolution
		Debug|Any CPU = Debug|Any CPU
		Release|Any CPU = Release|Any CPU
	EndGlobalSection
	GlobalSection(ProjectConfigurationPlatforms) = postSolution
		{220B8C7D-C89D-4F1F-B48D-2081F37DD274}.Debug|Any CPU.ActiveCfg = Debug|Any CPU
		{220B8C7D-C89D-4F1F-B48D-2081F37DD274}.Debug|Any CPU.Build.0 = Debug|Any CPU
		{220B8C7D-C89D-4F1F-B48D-2081F37DD274}.Release|Any CPU.ActiveCfg = Release|Any CPU
		{220B8C7D-C89D-4F1F-B48D-2081F37DD274}.Release|Any CPU.Build.0 = Release|Any CPU
		{0AEFF0C5-C0EC-4E56-9330-F4AC7CC5E7B3}.Debug|Any CPU.ActiveCfg = Debug|Any CPU
		{0AEFF0C5-C0EC-4E56-9330-F4AC7CC5E7B3}.Debug|Any CPU.Build.0 = Debug|Any CPU
		{0AEFF0C5-C0EC-4E56-9330-F4AC7CC5E7B3}.Release|Any CPU.ActiveCfg = Release|Any CPU
		{0AEFF0C5-C0EC-4E56-9330-F4AC7CC5E7B3}.Release|Any CPU.Build.0 = Release|Any CPU
	EndGlobalSection
	GlobalSection(SolutionProperties) = preSolution
		HideSolutionNode = FALSE
	EndGlobalSection
	GlobalSection(ExtensibilityGlobals) = postSolution
		SolutionGuid = {3A4873E1-248B-4EBF-8E3B-6C2787130AEE}
	EndGlobalSection
EndGlobal
